{
  "version": 4,
  "terraform_version": "0.13.0",
  "serial": 4,
  "lineage": "67910a2a-7e8c-4b74-99b8-c9be18b001be",
  "outputs": {},
  "resources": [
    {
      "mode": "managed",
      "type": "random_pet",
      "name": "my-pet",
      "provider": "provider[\"registry.terraform.io/hashicorp/random\"]",
      "instances": [
        {
          "schema_version": 0,
          "attributes": {
            "id": "Mrs.mackerel",
            "keepers": null,
            "length": 1,
            "prefix": "Mrs",
            "separator": "."
          }
        }
      ]
    }
  ]
}
