{
  "version": 4,
  "terraform_version": "0.13.0",
  "serial": 34,
  "lineage": "6e9d4603-2d62-b9b5-1b9c-e9d47dabc34c",
  "outputs": {},
  "resources": [
    {
      "mode": "managed",
      "type": "local_file",
      "name": "time",
      "provider": "provider[\"registry.terraform.io/hashicorp/local\"]",
      "instances": [
        {
          "schema_version": 0,
          "attributes": {
            "content": "Time stamp of this file is \u003c2023-08-15T18:46:51Z from time_update",
            "content_base64": null,
            "content_base64sha256": "1wkpsrJtKBCQ8OPSAW4c1afqFcc8K0sFNI5wBx0BnZY=",
            "content_base64sha512": "l2tQAl7VoSbmD5wVmnrvS8a58DrBD1gwZE2Zfza1pHkOzQQdJew4JaUBZi/leoTb1pq8Hw/RWp2wiqBib/j9qw==",
            "content_md5": "14f8f7acbe6a9d09b157821c2b704a7c",
            "content_sha1": "ce40bab7ca21202132eecc1fd98a061aa669c64b",
            "content_sha256": "d70929b2b26d281090f0e3d2016e1cd5a7ea15c73c2b4b05348e70071d019d96",
            "content_sha512": "976b50025ed5a126e60f9c159a7aef4bc6b9f03ac10f5830644d997f36b5a4790ecd041d25ec3825a501662fe57a84dbd69abc1f0fd15a9db08aa0626ff8fdab",
            "directory_permission": "0777",
            "file_permission": "0777",
            "filename": "/root/time.txt",
            "id": "ce40bab7ca21202132eecc1fd98a061aa669c64b",
            "sensitive_content": null,
            "source": null
          },
          "dependencies": [
            "time_static.time_update"
          ]
        }
      ]
    },
    {
      "mode": "managed",
      "type": "time_static",
      "name": "time_update",
      "provider": "provider[\"registry.terraform.io/hashicorp/time\"]",
      "instances": [
        {
          "schema_version": 0,
          "attributes": {
            "day": 15,
            "hour": 18,
            "id": "2023-08-15T18:46:51Z",
            "minute": 46,
            "month": 8,
            "rfc3339": "2023-08-15T18:46:51Z",
            "second": 51,
            "triggers": null,
            "unix": 1692125211,
            "year": 2023
          }
        }
      ]
    }
  ]
}
